
Microsoft Visual Studio Solution File, Format Version 12.00
# Visual Studio Version 17
VisualStudioVersion = 17.4.33205.214
MinimumVisualStudioVersion = 10.0.40219.1
Project("{9A19103F-16F7-4668-BE54-9A1E7A4F7556}") = "ExtractPartitionData", "ExtractPartitionData\ExtractPartitionData.csproj", "{F9C8789A-DEC9-4C39-9E18-96E5981DE045}"
EndProject
Project("{FAE04EC0-301F-11D3-BF4B-00C04F79EFBC}") = "ExtractPartitionDataTests", "ExtractPartitionDataTests\ExtractPartitionDataTests.csproj", "{08E92059-4DE9-4406-957B-67918092400F}"
EndProject
Global
	GlobalSection(SolutionConfigurationPlatforms) = preSolution
		Debug|Any CPU = Debug|Any CPU
		Release|Any CPU = Release|Any CPU
	EndGlobalSection
	GlobalSection(ProjectConfigurationPlatforms) = postSolution
		{F9C8789A-DEC9-4C39-9E18-96E5981DE045}.Debug|Any CPU.ActiveCfg = Debug|Any CPU
		{F9C8789A-DEC9-4C39-9E18-96E5981DE045}.Debug|Any CPU.Build.0 = Debug|Any CPU
		{F9C8789A-DEC9-4C39-9E18-96E5981DE045}.Release|Any CPU.ActiveCfg = Release|Any CPU
		{F9C8789A-DEC9-4C39-9E18-96E5981DE045}.Release|Any CPU.Build.0 = Release|Any CPU
		{08E92059-4DE9-4406-957B-67918092400F}.Debug|Any CPU.ActiveCfg = Debug|Any CPU
		{08E92059-4DE9-4406-957B-67918092400F}.Debug|Any CPU.Build.0 = Debug|Any CPU
		{08E92059-4DE9-4406-957B-67918092400F}.Release|Any CPU.ActiveCfg = Release|Any CPU
		{08E92059-4DE9-4406-957B-67918092400F}.Release|Any CPU.Build.0 = Release|Any CPU
	EndGlobalSection
	GlobalSection(SolutionProperties) = preSolution
		HideSolutionNode = FALSE
	EndGlobalSection
	GlobalSection(ExtensibilityGlobals) = postSolution
		SolutionGuid = {F7F7BB71-633A-41C2-935A-566B1172623B}
	EndGlobalSection
EndGlobal
